
Microsoft Visual Studio Solution File, Format Version 12.00
# Visual Studio Version 17
VisualStudioVersion = 17.5.33516.290
MinimumVisualStudioVersion = 10.0.40219.1
Project("{FAE04EC0-301F-11D3-BF4B-00C04F79EFBC}") = "noti-service", "noti-service\noti-service.csproj", "{30C07E17-7A86-462B-AFC6-E214A601BAFD}"
EndProject
Global
	GlobalSection(SolutionConfigurationPlatforms) = preSolution
		Debug|Any CPU = Debug|Any CPU
		Release|Any CPU = Release|Any CPU
	EndGlobalSection
	GlobalSection(ProjectConfigurationPlatforms) = postSolution
		{30C07E17-7A86-462B-AFC6-E214A601BAFD}.Debug|Any CPU.ActiveCfg = Debug|Any CPU
		{30C07E17-7A86-462B-AFC6-E214A601BAFD}.Debug|Any CPU.Build.0 = Debug|Any CPU
		{30C07E17-7A86-462B-AFC6-E214A601BAFD}.Release|Any CPU.ActiveCfg = Release|Any CPU
		{30C07E17-7A86-462B-AFC6-E214A601BAFD}.Release|Any CPU.Build.0 = Release|Any CPU
	EndGlobalSection
	GlobalSection(SolutionProperties) = preSolution
		HideSolutionNode = FALSE
	EndGlobalSection
	GlobalSection(ExtensibilityGlobals) = postSolution
		SolutionGuid = {BD599777-9256-4B0B-B539-94AC969F7E7A}
	EndGlobalSection
EndGlobal
